
Microsoft Visual Studio Solution File, Format Version 12.00
# Visual Studio Version 17
VisualStudioVersion = 17.14.37710.0 d17.14
MinimumVisualStudioVersion = 10.0.40219.1
Project("{FAE04EC0-301F-11D3-BF4B-00C04F79EFBC}") = "Kinosaal", "Kinosaal\Kinosaal.csproj", "{9718DEA7-4EFF-493A-ACAB-CDA2FCABC122}"
EndProject
Global
	GlobalSection(SolutionConfigurationPlatforms) = preSolution
		Debug|Any CPU = Debug|Any CPU
		Release|Any CPU = Release|Any CPU
	EndGlobalSection
	GlobalSection(ProjectConfigurationPlatforms) = postSolution
		{9718DEA7-4EFF-493A-ACAB-CDA2FCABC122}.Debug|Any CPU.ActiveCfg = Debug|Any CPU
		{9718DEA7-4EFF-493A-ACAB-CDA2FCABC122}.Debug|Any CPU.Build.0 = Debug|Any CPU
		{9718DEA7-4EFF-493A-ACAB-CDA2FCABC122}.Release|Any CPU.ActiveCfg = Release|Any CPU
		{9718DEA7-4EFF-493A-ACAB-CDA2FCABC122}.Release|Any CPU.Build.0 = Release|Any CPU
	EndGlobalSection
	GlobalSection(SolutionProperties) = preSolution
		HideSolutionNode = FALSE
	EndGlobalSection
	GlobalSection(ExtensibilityGlobals) = postSolution
		SolutionGuid = {D4A84483-5491-42D0-BAEE-7D2E9DE8111E}
	EndGlobalSection
EndGlobal
